
Microsoft Visual Studio Solution File, Format Version 12.00
# Visual Studio 15
VisualStudioVersion = 15.0.28307.271
MinimumVisualStudioVersion = 10.0.40219.1
Project("{FAE04EC0-301F-11D3-BF4B-00C04F79EFBC}") = "CodingChallenge.Repository", "CodingChallenge.Repository\CodingChallenge.Repository.csproj", "{F24C4E9F-0A73-4012-B27E-64AE83BD7BE0}"
EndProject
Project("{FAE04EC0-301F-11D3-BF4B-00C04F79EFBC}") = "CodingChallenge.Repository.Tests", "CodingChallenge.Repository.Tests\CodingChallenge.Repository.Tests.csproj", "{5A228BB0-F194-4DB4-BBD1-2787220B6EAD}"
EndProject
Project("{FAE04EC0-301F-11D3-BF4B-00C04F79EFBC}") = "CodingChallenge.Services", "CodingChallenge.Services\CodingChallenge.Services.csproj", "{80DFDA31-C1FA-4F25-9C82-6A15AF9E61B5}"
EndProject
Project("{2150E333-8FDC-42A3-9474-1A3956D46DE8}") = "UnitTests", "UnitTests", "{BF355BB0-D845-4645-8A28-0D43C35323F1}"
EndProject
Project("{FAE04EC0-301F-11D3-BF4B-00C04F79EFBC}") = "CodingChallenge.Api", "CodingChallenge.Api\CodingChallenge.Api.csproj", "{22DF9775-F985-49A5-B264-FEB722134C98}"
EndProject
Project("{FAE04EC0-301F-11D3-BF4B-00C04F79EFBC}") = "CodingChallenge.Api.Tests", "CodingChallenge.Api.Tests\CodingChallenge.Api.Tests.csproj", "{98932487-CDC6-400B-835E-6D2FFCDB0498}"
EndProject
Project("{9A19103F-16F7-4668-BE54-9A1E7A4F7556}") = "CodingChallenge.Web", "CodingChallenge.Web\CodingChallenge.Web.csproj", "{5E8FF333-3F30-4D97-A6E1-4D20007D5EF3}"
EndProject
Global
	GlobalSection(SolutionConfigurationPlatforms) = preSolution
		Debug|Any CPU = Debug|Any CPU
		Release|Any CPU = Release|Any CPU
	EndGlobalSection
	GlobalSection(ProjectConfigurationPlatforms) = postSolution
		{F24C4E9F-0A73-4012-B27E-64AE83BD7BE0}.Debug|Any CPU.ActiveCfg = Debug|Any CPU
		{F24C4E9F-0A73-4012-B27E-64AE83BD7BE0}.Debug|Any CPU.Build.0 = Debug|Any CPU
		{F24C4E9F-0A73-4012-B27E-64AE83BD7BE0}.Release|Any CPU.ActiveCfg = Release|Any CPU
		{F24C4E9F-0A73-4012-B27E-64AE83BD7BE0}.Release|Any CPU.Build.0 = Release|Any CPU
		{5A228BB0-F194-4DB4-BBD1-2787220B6EAD}.Debug|Any CPU.ActiveCfg = Debug|Any CPU
		{5A228BB0-F194-4DB4-BBD1-2787220B6EAD}.Debug|Any CPU.Build.0 = Debug|Any CPU
		{5A228BB0-F194-4DB4-BBD1-2787220B6EAD}.Release|Any CPU.ActiveCfg = Release|Any CPU
		{5A228BB0-F194-4DB4-BBD1-2787220B6EAD}.Release|Any CPU.Build.0 = Release|Any CPU
		{80DFDA31-C1FA-4F25-9C82-6A15AF9E61B5}.Debug|Any CPU.ActiveCfg = Debug|Any CPU
		{80DFDA31-C1FA-4F25-9C82-6A15AF9E61B5}.Debug|Any CPU.Build.0 = Debug|Any CPU
		{80DFDA31-C1FA-4F25-9C82-6A15AF9E61B5}.Release|Any CPU.ActiveCfg = Release|Any CPU
		{80DFDA31-C1FA-4F25-9C82-6A15AF9E61B5}.Release|Any CPU.Build.0 = Release|Any CPU
		{22DF9775-F985-49A5-B264-FEB722134C98}.Debug|Any CPU.ActiveCfg = Debug|Any CPU
		{22DF9775-F985-49A5-B264-FEB722134C98}.Debug|Any CPU.Build.0 = Debug|Any CPU
		{22DF9775-F985-49A5-B264-FEB722134C98}.Release|Any CPU.ActiveCfg = Release|Any CPU
		{22DF9775-F985-49A5-B264-FEB722134C98}.Release|Any CPU.Build.0 = Release|Any CPU
		{98932487-CDC6-400B-835E-6D2FFCDB0498}.Debug|Any CPU.ActiveCfg = Debug|Any CPU
		{98932487-CDC6-400B-835E-6D2FFCDB0498}.Debug|Any CPU.Build.0 = Debug|Any CPU
		{98932487-CDC6-400B-835E-6D2FFCDB0498}.Release|Any CPU.ActiveCfg = Release|Any CPU
		{98932487-CDC6-400B-835E-6D2FFCDB0498}.Release|Any CPU.Build.0 = Release|Any CPU
		{5E8FF333-3F30-4D97-A6E1-4D20007D5EF3}.Debug|Any CPU.ActiveCfg = Debug|Any CPU
		{5E8FF333-3F30-4D97-A6E1-4D20007D5EF3}.Debug|Any CPU.Build.0 = Debug|Any CPU
		{5E8FF333-3F30-4D97-A6E1-4D20007D5EF3}.Release|Any CPU.ActiveCfg = Release|Any CPU
		{5E8FF333-3F30-4D97-A6E1-4D20007D5EF3}.Release|Any CPU.Build.0 = Release|Any CPU
	EndGlobalSection
	GlobalSection(SolutionProperties) = preSolution
		HideSolutionNode = FALSE
	EndGlobalSection
	GlobalSection(NestedProjects) = preSolution
		{5A228BB0-F194-4DB4-BBD1-2787220B6EAD} = {BF355BB0-D845-4645-8A28-0D43C35323F1}
		{98932487-CDC6-400B-835E-6D2FFCDB0498} = {BF355BB0-D845-4645-8A28-0D43C35323F1}
	EndGlobalSection
	GlobalSection(ExtensibilityGlobals) = postSolution
		SolutionGuid = {52AB92F1-E605-45AA-9F9D-387ACE6F8A3C}
	EndGlobalSection
EndGlobal
