
Microsoft Visual Studio Solution File, Format Version 12.00
# Visual Studio 15
VisualStudioVersion = 15.0.28307.271
MinimumVisualStudioVersion = 10.0.40219.1
Project("{2150E333-8FDC-42A3-9474-1A3956D46DE8}") = "UnitTests", "UnitTests", "{BF355BB0-D845-4645-8A28-0D43C35323F1}"
EndProject
Project("{9A19103F-16F7-4668-BE54-9A1E7A4F7556}") = "CodingChallenge.Web", "CodingChallenge.Web\CodingChallenge.Web.csproj", "{5E8FF333-3F30-4D97-A6E1-4D20007D5EF3}"
EndProject
Project("{9A19103F-16F7-4668-BE54-9A1E7A4F7556}") = "CodingChallenge.Repository", "CodingChallenge.Repository\CodingChallenge.Repository.csproj", "{369CA200-70D0-42BF-88CD-33026703E981}"
EndProject
Project("{9A19103F-16F7-4668-BE54-9A1E7A4F7556}") = "CodingChallenge.Repository.Tests", "CodingChallenge.Repository.Tests\CodingChallenge.Repository.Tests.csproj", "{554BDBD1-DF69-43CC-A329-7B91E508E697}"
EndProject
Project("{9A19103F-16F7-4668-BE54-9A1E7A4F7556}") = "CodingChallenge.Services", "CodingChallenge.Services\CodingChallenge.Services.csproj", "{5AA12EC0-9549-46AC-8BA5-DD0489512653}"
EndProject
Project("{9A19103F-16F7-4668-BE54-9A1E7A4F7556}") = "CodingChallenge.Api", "CodingChallenge.Api\CodingChallenge.Api.csproj", "{01C0BE00-2BCF-41FE-8BB1-D487DC627502}"
EndProject
Project("{9A19103F-16F7-4668-BE54-9A1E7A4F7556}") = "CodingChallenge.Api.Tests", "CodingChallenge.Api.Tests\CodingChallenge.Api.Tests.csproj", "{A682D6F7-05D1-497E-AA22-3CBC54DABC34}"
EndProject
Global
	GlobalSection(SolutionConfigurationPlatforms) = preSolution
		Debug|Any CPU = Debug|Any CPU
		Release|Any CPU = Release|Any CPU
	EndGlobalSection
	GlobalSection(ProjectConfigurationPlatforms) = postSolution
		{5E8FF333-3F30-4D97-A6E1-4D20007D5EF3}.Debug|Any CPU.ActiveCfg = Debug|Any CPU
		{5E8FF333-3F30-4D97-A6E1-4D20007D5EF3}.Debug|Any CPU.Build.0 = Debug|Any CPU
		{5E8FF333-3F30-4D97-A6E1-4D20007D5EF3}.Release|Any CPU.ActiveCfg = Release|Any CPU
		{5E8FF333-3F30-4D97-A6E1-4D20007D5EF3}.Release|Any CPU.Build.0 = Release|Any CPU
		{369CA200-70D0-42BF-88CD-33026703E981}.Debug|Any CPU.ActiveCfg = Debug|Any CPU
		{369CA200-70D0-42BF-88CD-33026703E981}.Debug|Any CPU.Build.0 = Debug|Any CPU
		{369CA200-70D0-42BF-88CD-33026703E981}.Release|Any CPU.ActiveCfg = Release|Any CPU
		{369CA200-70D0-42BF-88CD-33026703E981}.Release|Any CPU.Build.0 = Release|Any CPU
		{554BDBD1-DF69-43CC-A329-7B91E508E697}.Debug|Any CPU.ActiveCfg = Debug|Any CPU
		{554BDBD1-DF69-43CC-A329-7B91E508E697}.Debug|Any CPU.Build.0 = Debug|Any CPU
		{554BDBD1-DF69-43CC-A329-7B91E508E697}.Release|Any CPU.ActiveCfg = Release|Any CPU
		{554BDBD1-DF69-43CC-A329-7B91E508E697}.Release|Any CPU.Build.0 = Release|Any CPU
		{5AA12EC0-9549-46AC-8BA5-DD0489512653}.Debug|Any CPU.ActiveCfg = Debug|Any CPU
		{5AA12EC0-9549-46AC-8BA5-DD0489512653}.Debug|Any CPU.Build.0 = Debug|Any CPU
		{5AA12EC0-9549-46AC-8BA5-DD0489512653}.Release|Any CPU.ActiveCfg = Release|Any CPU
		{5AA12EC0-9549-46AC-8BA5-DD0489512653}.Release|Any CPU.Build.0 = Release|Any CPU
		{01C0BE00-2BCF-41FE-8BB1-D487DC627502}.Debug|Any CPU.ActiveCfg = Debug|Any CPU
		{01C0BE00-2BCF-41FE-8BB1-D487DC627502}.Debug|Any CPU.Build.0 = Debug|Any CPU
		{01C0BE00-2BCF-41FE-8BB1-D487DC627502}.Release|Any CPU.ActiveCfg = Release|Any CPU
		{01C0BE00-2BCF-41FE-8BB1-D487DC627502}.Release|Any CPU.Build.0 = Release|Any CPU
		{A682D6F7-05D1-497E-AA22-3CBC54DABC34}.Debug|Any CPU.ActiveCfg = Debug|Any CPU
		{A682D6F7-05D1-497E-AA22-3CBC54DABC34}.Debug|Any CPU.Build.0 = Debug|Any CPU
		{A682D6F7-05D1-497E-AA22-3CBC54DABC34}.Release|Any CPU.ActiveCfg = Release|Any CPU
		{A682D6F7-05D1-497E-AA22-3CBC54DABC34}.Release|Any CPU.Build.0 = Release|Any CPU
	EndGlobalSection
	GlobalSection(SolutionProperties) = preSolution
		HideSolutionNode = FALSE
	EndGlobalSection
	GlobalSection(NestedProjects) = preSolution
		{554BDBD1-DF69-43CC-A329-7B91E508E697} = {BF355BB0-D845-4645-8A28-0D43C35323F1}
		{A682D6F7-05D1-497E-AA22-3CBC54DABC34} = {BF355BB0-D845-4645-8A28-0D43C35323F1}
	EndGlobalSection
	GlobalSection(ExtensibilityGlobals) = postSolution
		SolutionGuid = {52AB92F1-E605-45AA-9F9D-387ACE6F8A3C}
	EndGlobalSection
EndGlobal
